// !$*UTF8*$!
{
	archiveVersion = 1;
	classes = {
	};
	objectVersion = 46;
	objects = {

/* Begin PBXBuildFile section */
		478A28681A80F9E800A8D1D6 /* main.m in Sources */ = {isa = PBXBuildFile; fileRef = 478A28671A80F9E800A8D1D6 /* main.m */; };
		478A286B1A80F9E800A8D1D6 /* AppDelegate.m in Sources */ = {isa = PBXBuildFile; fileRef = 478A286A1A80F9E800A8D1D6 /* AppDelegate.m */; };
		478A286E1A80F9E800A8D1D6 /* ViewController.m in Sources */ = {isa = PBXBuildFile; fileRef = 478A286D1A80F9E800A8D1D6 /* ViewController.m */; };
		478A28711A80F9E800A8D1D6 /* Main.storyboard in Resources */ = {isa = PBXBuildFile; fileRef = 478A286F1A80F9E800A8D1D6 /* Main.storyboard */; };
		478A28731A80F9E800A8D1D6 /* Images.xcassets in Resources */ = {isa = PBXBuildFile; fileRef = 478A28721A80F9E800A8D1D6 /* Images.xcassets */; };
		478A28761A80F9E800A8D1D6 /* LaunchScreen.xib in Resources */ = {isa = PBXBuildFile; fileRef = 478A28741A80F9E800A8D1D6 /* LaunchScreen.xib */; };
		478A28821A80F9E800A8D1D6 /* DataBaseDemoTests.m in Sources */ = {isa = PBXBuildFile; fileRef = 478A28811A80F9E800A8D1D6 /* DataBaseDemoTests.m */; };
		478A28A11A80FAEA00A8D1D6 /* address.db in Resources */ = {isa = PBXBuildFile; fileRef = 478A289E1A80FAEA00A8D1D6 /* address.db */; };
		478A28A21A80FAEA00A8D1D6 /* NSObject+AddressDBCDispose.m in Sources */ = {isa = PBXBuildFile; fileRef = 478A28A01A80FAEA00A8D1D6 /* NSObject+AddressDBCDispose.m */; };
		478A28C61A80FCFF00A8D1D6 /* FMDatabase.m in Sources */ = {isa = PBXBuildFile; fileRef = 478A28BC1A80FCFF00A8D1D6 /* FMDatabase.m */; };
		478A28C71A80FCFF00A8D1D6 /* FMDatabaseAdditions.m in Sources */ = {isa = PBXBuildFile; fileRef = 478A28BE1A80FCFF00A8D1D6 /* FMDatabaseAdditions.m */; };
		478A28C81A80FCFF00A8D1D6 /* FMDatabasePool.m in Sources */ = {isa = PBXBuildFile; fileRef = 478A28C01A80FCFF00A8D1D6 /* FMDatabasePool.m */; };
		478A28C91A80FCFF00A8D1D6 /* FMDatabaseQueue.m in Sources */ = {isa = PBXBuildFile; fileRef = 478A28C21A80FCFF00A8D1D6 /* FMDatabaseQueue.m */; };
		478A28CA1A80FCFF00A8D1D6 /* FMResultSet.m in Sources */ = {isa = PBXBuildFile; fileRef = 478A28C51A80FCFF00A8D1D6 /* FMResultSet.m */; };
		478A28CC1A80FD8400A8D1D6 /* libsqlite3.dylib in Frameworks */ = {isa = PBXBuildFile; fileRef = 478A28CB1A80FD8400A8D1D6 /* libsqlite3.dylib */; };
/* End PBXBuildFile section */

/* Begin PBXContainerItemProxy section */
		478A287C1A80F9E800A8D1D6 /* PBXContainerItemProxy */ = {
			isa = PBXContainerItemProxy;
			containerPortal = 478A285A1A80F9E800A8D1D6 /* Project object */;
			proxyType = 1;
			remoteGlobalIDString = 478A28611A80F9E800A8D1D6;
			remoteInfo = DataBaseDemo;
		};
/* End PBXContainerItemProxy section */

/* Begin PBXFileReference section */
		478A28621A80F9E800A8D1D6 /* DataBaseDemo.app */ = {isa = PBXFileReference; explicitFileType = wrapper.application; includeInIndex = 0; path = DataBaseDemo.app; sourceTree = BUILT_PRODUCTS_DIR; };
		478A28661A80F9E800A8D1D6 /* Info.plist */ = {isa = PBXFileReference; lastKnownFileType = text.plist.xml; path = Info.plist; sourceTree = "<group>"; };
		478A28671A80F9E800A8D1D6 /* main.m */ = {isa = PBXFileReference; lastKnownFileType = sourcecode.c.objc; path = main.m; sourceTree = "<group>"; };
		478A28691A80F9E800A8D1D6 /* AppDelegate.h */ = {isa = PBXFileReference; lastKnownFileType = sourcecode.c.h; path = AppDelegate.h; sourceTree = "<group>"; };
		478A286A1A80F9E800A8D1D6 /* AppDelegate.m */ = {isa = PBXFileReference; lastKnownFileType = sourcecode.c.objc; path = AppDelegate.m; sourceTree = "<group>"; };
		478A286C1A80F9E800A8D1D6 /* ViewController.h */ = {isa = PBXFileReference; lastKnownFileType = sourcecode.c.h; path = ViewController.h; sourceTree = "<group>"; };
		478A286D1A80F9E800A8D1D6 /* ViewController.m */ = {isa = PBXFileReference; lastKnownFileType = sourcecode.c.objc; path = ViewController.m; sourceTree = "<group>"; };
		478A28701A80F9E800A8D1D6 /* Base */ = {isa = PBXFileReference; lastKnownFileType = file.storyboard; name = Base; path = Base.lproj/Main.storyboard; sourceTree = "<group>"; };
		478A28721A80F9E800A8D1D6 /* Images.xcassets */ = {isa = PBXFileReference; lastKnownFileType = folder.assetcatalog; path = Images.xcassets; sourceTree = "<group>"; };
		478A28751A80F9E800A8D1D6 /* Base */ = {isa = PBXFileReference; lastKnownFileType = file.xib; name = Base; path = Base.lproj/LaunchScreen.xib; sourceTree = "<group>"; };
		478A287B1A80F9E800A8D1D6 /* DataBaseDemoTests.xctest */ = {isa = PBXFileReference; explicitFileType = wrapper.cfbundle; includeInIndex = 0; path = DataBaseDemoTests.xctest; sourceTree = BUILT_PRODUCTS_DIR; };
		478A28801A80F9E800A8D1D6 /* Info.plist */ = {isa = PBXFileReference; lastKnownFileType = text.plist.xml; path = Info.plist; sourceTree = "<group>"; };
		478A28811A80F9E800A8D1D6 /* DataBaseDemoTests.m */ = {isa = PBXFileReference; lastKnownFileType = sourcecode.c.objc; path = DataBaseDemoTests.m; sourceTree = "<group>"; };
		478A289E1A80FAEA00A8D1D6 /* address.db */ = {isa = PBXFileReference; lastKnownFileType = file; path = address.db; sourceTree = "<group>"; };
		478A289F1A80FAEA00A8D1D6 /* NSObject+AddressDBCDispose.h */ = {isa = PBXFileReference; fileEncoding = 4; lastKnownFileType = sourcecode.c.h; path = "NSObject+AddressDBCDispose.h"; sourceTree = "<group>"; };
		478A28A01A80FAEA00A8D1D6 /* NSObject+AddressDBCDispose.m */ = {isa = PBXFileReference; fileEncoding = 4; lastKnownFileType = sourcecode.c.objc; path = "NSObject+AddressDBCDispose.m"; sourceTree = "<group>"; };
		478A28BB1A80FCFF00A8D1D6 /* FMDatabase.h */ = {isa = PBXFileReference; fileEncoding = 4; lastKnownFileType = sourcecode.c.h; path = FMDatabase.h; sourceTree = "<group>"; };
		478A28BC1A80FCFF00A8D1D6 /* FMDatabase.m */ = {isa = PBXFileReference; fileEncoding = 4; lastKnownFileType = sourcecode.c.objc; path = FMDatabase.m; sourceTree = "<group>"; };
		478A28BD1A80FCFF00A8D1D6 /* FMDatabaseAdditions.h */ = {isa = PBXFileReference; fileEncoding = 4; lastKnownFileType = sourcecode.c.h; path = FMDatabaseAdditions.h; sourceTree = "<group>"; };
		478A28BE1A80FCFF00A8D1D6 /* FMDatabaseAdditions.m */ = {isa = PBXFileReference; fileEncoding = 4; lastKnownFileType = sourcecode.c.objc; path = FMDatabaseAdditions.m; sourceTree = "<group>"; };
		478A28BF1A80FCFF00A8D1D6 /* FMDatabasePool.h */ = {isa = PBXFileReference; fileEncoding = 4; lastKnownFileType = sourcecode.c.h; path = FMDatabasePool.h; sourceTree = "<group>"; };
		478A28C01A80FCFF00A8D1D6 /* FMDatabasePool.m */ = {isa = PBXFileReference; fileEncoding = 4; lastKnownFileType = sourcecode.c.objc; path = FMDatabasePool.m; sourceTree = "<group>"; };
		478A28C11A80FCFF00A8D1D6 /* FMDatabaseQueue.h */ = {isa = PBXFileReference; fileEncoding = 4; lastKnownFileType = sourcecode.c.h; path = FMDatabaseQueue.h; sourceTree = "<group>"; };
		478A28C21A80FCFF00A8D1D6 /* FMDatabaseQueue.m */ = {isa = PBXFileReference; fileEncoding = 4; lastKnownFileType = sourcecode.c.objc; path = FMDatabaseQueue.m; sourceTree = "<group>"; };
		478A28C31A80FCFF00A8D1D6 /* FMDB.h */ = {isa = PBXFileReference; fileEncoding = 4; lastKnownFileType = sourcecode.c.h; path = FMDB.h; sourceTree = "<group>"; };
		478A28C41A80FCFF00A8D1D6 /* FMResultSet.h */ = {isa = PBXFileReference; fileEncoding = 4; lastKnownFileType = sourcecode.c.h; path = FMResultSet.h; sourceTree = "<group>"; };
		478A28C51A80FCFF00A8D1D6 /* FMResultSet.m */ = {isa = PBXFileReference; fileEncoding = 4; lastKnownFileType = sourcecode.c.objc; path = FMResultSet.m; sourceTree = "<group>"; };
		478A28CB1A80FD8400A8D1D6 /* libsqlite3.dylib */ = {isa = PBXFileReference; lastKnownFileType = "compiled.mach-o.dylib"; name = libsqlite3.dylib; path = usr/lib/libsqlite3.dylib; sourceTree = SDKROOT; };
/* End PBXFileReference section */

/* Begin PBXFrameworksBuildPhase section */
		478A285F1A80F9E800A8D1D6 /* Frameworks */ = {
			isa = PBXFrameworksBuildPhase;
			buildActionMask = 2147483647;
			files = (
				478A28CC1A80FD8400A8D1D6 /* libsqlite3.dylib in Frameworks */,
			);
			runOnlyForDeploymentPostprocessing = 0;
		};
		478A28781A80F9E800A8D1D6 /* Frameworks */ = {
			isa = PBXFrameworksBuildPhase;
			buildActionMask = 2147483647;
			files = (
			);
			runOnlyForDeploymentPostprocessing = 0;
		};
/* End PBXFrameworksBuildPhase section */

/* Begin PBXGroup section */
		478A28591A80F9E800A8D1D6 = {
			isa = PBXGroup;
			children = (
				478A28641A80F9E800A8D1D6 /* DataBaseDemo */,
				478A287E1A80F9E800A8D1D6 /* DataBaseDemoTests */,
				478A28631A80F9E800A8D1D6 /* Products */,
			);
			sourceTree = "<group>";
		};
		478A28631A80F9E800A8D1D6 /* Products */ = {
			isa = PBXGroup;
			children = (
				478A28621A80F9E800A8D1D6 /* DataBaseDemo.app */,
				478A287B1A80F9E800A8D1D6 /* DataBaseDemoTests.xctest */,
			);
			name = Products;
			sourceTree = "<group>";
		};
		478A28641A80F9E800A8D1D6 /* DataBaseDemo */ = {
			isa = PBXGroup;
			children = (
				478A28CD1A80FDD800A8D1D6 /* Frameworks */,
				478A289D1A80FAEA00A8D1D6 /* databaseField */,
				478A289F1A80FAEA00A8D1D6 /* NSObject+AddressDBCDispose.h */,
				478A28A01A80FAEA00A8D1D6 /* NSObject+AddressDBCDispose.m */,
				478A288B1A80FA5800A8D1D6 /* lib */,
				478A28691A80F9E800A8D1D6 /* AppDelegate.h */,
				478A286A1A80F9E800A8D1D6 /* AppDelegate.m */,
				478A286C1A80F9E800A8D1D6 /* ViewController.h */,
				478A286D1A80F9E800A8D1D6 /* ViewController.m */,
				478A286F1A80F9E800A8D1D6 /* Main.storyboard */,
				478A28721A80F9E800A8D1D6 /* Images.xcassets */,
				478A28741A80F9E800A8D1D6 /* LaunchScreen.xib */,
				478A28651A80F9E800A8D1D6 /* Supporting Files */,
			);
			path = DataBaseDemo;
			sourceTree = "<group>";
		};
		478A28651A80F9E800A8D1D6 /* Supporting Files */ = {
			isa = PBXGroup;
			children = (
				478A28661A80F9E800A8D1D6 /* Info.plist */,
				478A28671A80F9E800A8D1D6 /* main.m */,
			);
			name = "Supporting Files";
			sourceTree = "<group>";
		};
		478A287E1A80F9E800A8D1D6 /* DataBaseDemoTests */ = {
			isa = PBXGroup;
			children = (
				478A28811A80F9E800A8D1D6 /* DataBaseDemoTests.m */,
				478A287F1A80F9E800A8D1D6 /* Supporting Files */,
			);
			path = DataBaseDemoTests;
			sourceTree = "<group>";
		};
		478A287F1A80F9E800A8D1D6 /* Supporting Files */ = {
			isa = PBXGroup;
			children = (
				478A28801A80F9E800A8D1D6 /* Info.plist */,
			);
			name = "Supporting Files";
			sourceTree = "<group>";
		};
		478A288B1A80FA5800A8D1D6 /* lib */ = {
			isa = PBXGroup;
			children = (
				478A28BA1A80FCFF00A8D1D6 /* FMDB */,
			);
			path = lib;
			sourceTree = "<group>";
		};
		478A289D1A80FAEA00A8D1D6 /* databaseField */ = {
			isa = PBXGroup;
			children = (
				478A289E1A80FAEA00A8D1D6 /* address.db */,
			);
			path = databaseField;
			sourceTree = "<group>";
		};
		478A28BA1A80FCFF00A8D1D6 /* FMDB */ = {
			isa = PBXGroup;
			children = (
				478A28BB1A80FCFF00A8D1D6 /* FMDatabase.h */,
				478A28BC1A80FCFF00A8D1D6 /* FMDatabase.m */,
				478A28BD1A80FCFF00A8D1D6 /* FMDatabaseAdditions.h */,
				478A28BE1A80FCFF00A8D1D6 /* FMDatabaseAdditions.m */,
				478A28BF1A80FCFF00A8D1D6 /* FMDatabasePool.h */,
				478A28C01A80FCFF00A8D1D6 /* FMDatabasePool.m */,
				478A28C11A80FCFF00A8D1D6 /* FMDatabaseQueue.h */,
				478A28C21A80FCFF00A8D1D6 /* FMDatabaseQueue.m */,
				478A28C31A80FCFF00A8D1D6 /* FMDB.h */,
				478A28C41A80FCFF00A8D1D6 /* FMResultSet.h */,
				478A28C51A80FCFF00A8D1D6 /* FMResultSet.m */,
			);
			path = FMDB;
			sourceTree = "<group>";
		};
		478A28CD1A80FDD800A8D1D6 /* Frameworks */ = {
			isa = PBXGroup;
			children = (
				478A28CB1A80FD8400A8D1D6 /* libsqlite3.dylib */,
			);
			path = Frameworks;
			sourceTree = "<group>";
		};
/* End PBXGroup section */

/* Begin PBXNativeTarget section */
		478A28611A80F9E800A8D1D6 /* DataBaseDemo */ = {
			isa = PBXNativeTarget;
			buildConfigurationList = 478A28851A80F9E800A8D1D6 /* Build configuration list for PBXNativeTarget "DataBaseDemo" */;
			buildPhases = (
				478A285E1A80F9E800A8D1D6 /* Sources */,
				478A285F1A80F9E800A8D1D6 /* Frameworks */,
				478A28601A80F9E800A8D1D6 /* Resources */,
			);
			buildRules = (
			);
			dependencies = (
			);
			name = DataBaseDemo;
			productName = DataBaseDemo;
			productReference = 478A28621A80F9E800A8D1D6 /* DataBaseDemo.app */;
			productType = "com.apple.product-type.application";
		};
		478A287A1A80F9E800A8D1D6 /* DataBaseDemoTests */ = {
			isa = PBXNativeTarget;
			buildConfigurationList = 478A28881A80F9E800A8D1D6 /* Build configuration list for PBXNativeTarget "DataBaseDemoTests" */;
			buildPhases = (
				478A28771A80F9E800A8D1D6 /* Sources */,
				478A28781A80F9E800A8D1D6 /* Frameworks */,
				478A28791A80F9E800A8D1D6 /* Resources */,
			);
			buildRules = (
			);
			dependencies = (
				478A287D1A80F9E800A8D1D6 /* PBXTargetDependency */,
			);
			name = DataBaseDemoTests;
			productName = DataBaseDemoTests;
			productReference = 478A287B1A80F9E800A8D1D6 /* DataBaseDemoTests.xctest */;
			productType = "com.apple.product-type.bundle.unit-test";
		};
/* End PBXNativeTarget section */

/* Begin PBXProject section */
		478A285A1A80F9E800A8D1D6 /* Project object */ = {
			isa = PBXProject;
			attributes = {
				LastUpgradeCheck = 0610;
				ORGANIZATIONNAME = guoqiang;
				TargetAttributes = {
					478A28611A80F9E800A8D1D6 = {
						CreatedOnToolsVersion = 6.1.1;
					};
					478A287A1A80F9E800A8D1D6 = {
						CreatedOnToolsVersion = 6.1.1;
						TestTargetID = 478A28611A80F9E800A8D1D6;
					};
				};
			};
			buildConfigurationList = 478A285D1A80F9E800A8D1D6 /* Build configuration list for PBXProject "DataBaseDemo" */;
			compatibilityVersion = "Xcode 3.2";
			developmentRegion = English;
			hasScannedForEncodings = 0;
			knownRegions = (
				en,
				Base,
			);
			mainGroup = 478A28591A80F9E800A8D1D6;
			productRefGroup = 478A28631A80F9E800A8D1D6 /* Products */;
			projectDirPath = "";
			projectRoot = "";
			targets = (
				478A28611A80F9E800A8D1D6 /* DataBaseDemo */,
				478A287A1A80F9E800A8D1D6 /* DataBaseDemoTests */,
			);
		};
/* End PBXProject section */

/* Begin PBXResourcesBuildPhase section */
		478A28601A80F9E800A8D1D6 /* Resources */ = {
			isa = PBXResourcesBuildPhase;
			buildActionMask = 2147483647;
			files = (
				478A28A11A80FAEA00A8D1D6 /* address.db in Resources */,
				478A28711A80F9E800A8D1D6 /* Main.storyboard in Resources */,
				478A28761A80F9E800A8D1D6 /* LaunchScreen.xib in Resources */,
				478A28731A80F9E800A8D1D6 /* Images.xcassets in Resources */,
			);
			runOnlyForDeploymentPostprocessing = 0;
		};
		478A28791A80F9E800A8D1D6 /* Resources */ = {
			isa = PBXResourcesBuildPhase;
			buildActionMask = 2147483647;
			files = (
			);
			runOnlyForDeploymentPostprocessing = 0;
		};
/* End PBXResourcesBuildPhase section */

/* Begin PBXSourcesBuildPhase section */
		478A285E1A80F9E800A8D1D6 /* Sources */ = {
			isa = PBXSourcesBuildPhase;
			buildActionMask = 2147483647;
			files = (
				478A286E1A80F9E800A8D1D6 /* ViewController.m in Sources */,
				478A28C91A80FCFF00A8D1D6 /* FMDatabaseQueue.m in Sources */,
				478A286B1A80F9E800A8D1D6 /* AppDelegate.m in Sources */,
				478A28681A80F9E800A8D1D6 /* main.m in Sources */,
				478A28C61A80FCFF00A8D1D6 /* FMDatabase.m in Sources */,
				478A28C81A80FCFF00A8D1D6 /* FMDatabasePool.m in Sources */,
				478A28CA1A80FCFF00A8D1D6 /* FMResultSet.m in Sources */,
				478A28A21A80FAEA00A8D1D6 /* NSObject+AddressDBCDispose.m in Sources */,
				478A28C71A80FCFF00A8D1D6 /* FMDatabaseAdditions.m in Sources */,
			);
			runOnlyForDeploymentPostprocessing = 0;
		};
		478A28771A80F9E800A8D1D6 /* Sources */ = {
			isa = PBXSourcesBuildPhase;
			buildActionMask = 2147483647;
			files = (
				478A28821A80F9E800A8D1D6 /* DataBaseDemoTests.m in Sources */,
			);
			runOnlyForDeploymentPostprocessing = 0;
		};
/* End PBXSourcesBuildPhase section */

/* Begin PBXTargetDependency section */
		478A287D1A80F9E800A8D1D6 /* PBXTargetDependency */ = {
			isa = PBXTargetDependency;
			target = 478A28611A80F9E800A8D1D6 /* DataBaseDemo */;
			targetProxy = 478A287C1A80F9E800A8D1D6 /* PBXContainerItemProxy */;
		};
/* End PBXTargetDependency section */

/* Begin PBXVariantGroup section */
		478A286F1A80F9E800A8D1D6 /* Main.storyboard */ = {
			isa = PBXVariantGroup;
			children = (
				478A28701A80F9E800A8D1D6 /* Base */,
			);
			name = Main.storyboard;
			sourceTree = "<group>";
		};
		478A28741A80F9E800A8D1D6 /* LaunchScreen.xib */ = {
			isa = PBXVariantGroup;
			children = (
				478A28751A80F9E800A8D1D6 /* Base */,
			);
			name = LaunchScreen.xib;
			sourceTree = "<group>";
		};
/* End PBXVariantGroup section */

/* Begin XCBuildConfiguration section */
		478A28831A80F9E800A8D1D6 /* Debug */ = {
			isa = XCBuildConfiguration;
			buildSettings = {
				ALWAYS_SEARCH_USER_PATHS = NO;
				CLANG_CXX_LANGUAGE_STANDARD = "gnu++0x";
				CLANG_CXX_LIBRARY = "libc++";
				CLANG_ENABLE_MODULES = YES;
				CLANG_ENABLE_OBJC_ARC = YES;
				CLANG_WARN_BOOL_CONVERSION = YES;
				CLANG_WARN_CONSTANT_CONVERSION = YES;
				CLANG_WARN_DIRECT_OBJC_ISA_USAGE = YES_ERROR;
				CLANG_WARN_EMPTY_BODY = YES;
				CLANG_WARN_ENUM_CONVERSION = YES;
				CLANG_WARN_INT_CONVERSION = YES;
				CLANG_WARN_OBJC_ROOT_CLASS = YES_ERROR;
				CLANG_WARN_UNREACHABLE_CODE = YES;
				CLANG_WARN__DUPLICATE_METHOD_MATCH = YES;
				"CODE_SIGN_IDENTITY[sdk=iphoneos*]" = "iPhone Developer";
				COPY_PHASE_STRIP = NO;
				ENABLE_STRICT_OBJC_MSGSEND = YES;
				GCC_C_LANGUAGE_STANDARD = gnu99;
				GCC_DYNAMIC_NO_PIC = NO;
				GCC_OPTIMIZATION_LEVEL = 0;
				GCC_PREPROCESSOR_DEFINITIONS = (
					"DEBUG=1",
					"$(inherited)",
				);
				GCC_SYMBOLS_PRIVATE_EXTERN = NO;
				GCC_WARN_64_TO_32_BIT_CONVERSION = YES;
				GCC_WARN_ABOUT_RETURN_TYPE = YES_ERROR;
				GCC_WARN_UNDECLARED_SELECTOR = YES;
				GCC_WARN_UNINITIALIZED_AUTOS = YES_AGGRESSIVE;
				GCC_WARN_UNUSED_FUNCTION = YES;
				GCC_WARN_UNUSED_VARIABLE = YES;
				IPHONEOS_DEPLOYMENT_TARGET = 8.1;
				MTL_ENABLE_DEBUG_INFO = YES;
				ONLY_ACTIVE_ARCH = YES;
				SDKROOT = iphoneos;
				TARGETED_DEVICE_FAMILY = "1,2";
			};
			name = Debug;
		};
		478A28841A80F9E800A8D1D6 /* Release */ = {
			isa = XCBuildConfiguration;
			buildSettings = {
				ALWAYS_SEARCH_USER_PATHS = NO;
				CLANG_CXX_LANGUAGE_STANDARD = "gnu++0x";
				CLANG_CXX_LIBRARY = "libc++";
				CLANG_ENABLE_MODULES = YES;
				CLANG_ENABLE_OBJC_ARC = YES;
				CLANG_WARN_BOOL_CONVERSION = YES;
				CLANG_WARN_CONSTANT_CONVERSION = YES;
				CLANG_WARN_DIRECT_OBJC_ISA_USAGE = YES_ERROR;
				CLANG_WARN_EMPTY_BODY = YES;
				CLANG_WARN_ENUM_CONVERSION = YES;
				CLANG_WARN_INT_CONVERSION = YES;
				CLANG_WARN_OBJC_ROOT_CLASS = YES_ERROR;
				CLANG_WARN_UNREACHABLE_CODE = YES;
				CLANG_WARN__DUPLICATE_METHOD_MATCH = YES;
				"CODE_SIGN_IDENTITY[sdk=iphoneos*]" = "iPhone Developer";
				COPY_PHASE_STRIP = YES;
				ENABLE_NS_ASSERTIONS = NO;
				ENABLE_STRICT_OBJC_MSGSEND = YES;
				GCC_C_LANGUAGE_STANDARD = gnu99;
				GCC_WARN_64_TO_32_BIT_CONVERSION = YES;
				GCC_WARN_ABOUT_RETURN_TYPE = YES_ERROR;
				GCC_WARN_UNDECLARED_SELECTOR = YES;
				GCC_WARN_UNINITIALIZED_AUTOS = YES_AGGRESSIVE;
				GCC_WARN_UNUSED_FUNCTION = YES;
				GCC_WARN_UNUSED_VARIABLE = YES;
				IPHONEOS_DEPLOYMENT_TARGET = 8.1;
				MTL_ENABLE_DEBUG_INFO = NO;
				SDKROOT = iphoneos;
				TARGETED_DEVICE_FAMILY = "1,2";
				VALIDATE_PRODUCT = YES;
			};
			name = Release;
		};
		478A28861A80F9E800A8D1D6 /* Debug */ = {
			isa = XCBuildConfiguration;
			buildSettings = {
				ASSETCATALOG_COMPILER_APPICON_NAME = AppIcon;
				INFOPLIST_FILE = DataBaseDemo/Info.plist;
				LD_RUNPATH_SEARCH_PATHS = "$(inherited) @executable_path/Frameworks";
				PRODUCT_NAME = "$(TARGET_NAME)";
			};
			name = Debug;
		};
		478A28871A80F9E800A8D1D6 /* Release */ = {
			isa = XCBuildConfiguration;
			buildSettings = {
				ASSETCATALOG_COMPILER_APPICON_NAME = AppIcon;
				INFOPLIST_FILE = DataBaseDemo/Info.plist;
				LD_RUNPATH_SEARCH_PATHS = "$(inherited) @executable_path/Frameworks";
				PRODUCT_NAME = "$(TARGET_NAME)";
			};
			name = Release;
		};
		478A28891A80F9E800A8D1D6 /* Debug */ = {
			isa = XCBuildConfiguration;
			buildSettings = {
				BUNDLE_LOADER = "$(TEST_HOST)";
				FRAMEWORK_SEARCH_PATHS = (
					"$(SDKROOT)/Developer/Library/Frameworks",
					"$(inherited)",
				);
				GCC_PREPROCESSOR_DEFINITIONS = (
					"DEBUG=1",
					"$(inherited)",
				);
				INFOPLIST_FILE = DataBaseDemoTests/Info.plist;
				LD_RUNPATH_SEARCH_PATHS = "$(inherited) @executable_path/Frameworks @loader_path/Frameworks";
				PRODUCT_NAME = "$(TARGET_NAME)";
				TEST_HOST = "$(BUILT_PRODUCTS_DIR)/DataBaseDemo.app/DataBaseDemo";
			};
			name = Debug;
		};
		478A288A1A80F9E800A8D1D6 /* Release */ = {
			isa = XCBuildConfiguration;
			buildSettings = {
				BUNDLE_LOADER = "$(TEST_HOST)";
				FRAMEWORK_SEARCH_PATHS = (
					"$(SDKROOT)/Developer/Library/Frameworks",
					"$(inherited)",
				);
				INFOPLIST_FILE = DataBaseDemoTests/Info.plist;
				LD_RUNPATH_SEARCH_PATHS = "$(inherited) @executable_path/Frameworks @loader_path/Frameworks";
				PRODUCT_NAME = "$(TARGET_NAME)";
				TEST_HOST = "$(BUILT_PRODUCTS_DIR)/DataBaseDemo.app/DataBaseDemo";
			};
			name = Release;
		};
/* End XCBuildConfiguration section */

/* Begin XCConfigurationList section */
		478A285D1A80F9E800A8D1D6 /* Build configuration list for PBXProject "DataBaseDemo" */ = {
			isa = XCConfigurationList;
			buildConfigurations = (
				478A28831A80F9E800A8D1D6 /* Debug */,
				478A28841A80F9E800A8D1D6 /* Release */,
			);
			defaultConfigurationIsVisible = 0;
			defaultConfigurationName = Release;
		};
		478A28851A80F9E800A8D1D6 /* Build configuration list for PBXNativeTarget "DataBaseDemo" */ = {
			isa = XCConfigurationList;
			buildConfigurations = (
				478A28861A80F9E800A8D1D6 /* Debug */,
				478A28871A80F9E800A8D1D6 /* Release */,
			);
			defaultConfigurationIsVisible = 0;
		};
		478A28881A80F9E800A8D1D6 /* Build configuration list for PBXNativeTarget "DataBaseDemoTests" */ = {
			isa = XCConfigurationList;
			buildConfigurations = (
				478A28891A80F9E800A8D1D6 /* Debug */,
				478A288A1A80F9E800A8D1D6 /* Release */,
			);
			defaultConfigurationIsVisible = 0;
		};
/* End XCConfigurationList section */
	};
	rootObject = 478A285A1A80F9E800A8D1D6 /* Project object */;
}
